<?xml version="1.0" encoding="utf-8"?>
<Project ToolsVersion="4.0" xmlns="http://schemas.microsoft.com/developer/msbuild/2003">
  <ItemGroup>
    <Filter Include="源文件">
      <UniqueIdentifier>{4FC737F1-C7A5-4376-A066-2A32D752A2FF}</UniqueIdentifier>
      <Extensions>cpp;c;cc;cxx;c++;def;odl;idl;hpj;bat;asm;asmx</Extensions>
    </Filter>
    <Filter Include="头文件">
      <UniqueIdentifier>{93995380-89BD-4b04-88EB-625FBE52EBFB}</UniqueIdentifier>
      <Extensions>h;hh;hpp;hxx;h++;hm;inl;inc;ipp;xsd</Extensions>
    </Filter>
    <Filter Include="资源文件">
      <UniqueIdentifier>{67DA6AB6-F800-4c08-8B7A-83BB121AAD01}</UniqueIdentifier>
      <Extensions>rc;ico;cur;bmp;dlg;rc2;rct;bin;rgs;gif;jpg;jpeg;jpe;resx;tiff;tif;png;wav;mfcribbon-ms</Extensions>
    </Filter>
    <Filter Include="源文件\Graph">
      <UniqueIdentifier>{a283d2d0-2fdc-4106-971b-b7a774b8c4af}</UniqueIdentifier>
    </Filter>
    <Filter Include="头文件\Graph">
      <UniqueIdentifier>{9403d2ea-3619-485d-9281-ed255e870616}</UniqueIdentifier>
    </Filter>
  </ItemGroup>
  <ItemGroup>
    <ClCompile Include="main.cpp">
      <Filter>源文件</Filter>
    </ClCompile>
    <ClCompile Include="Color\Color.cpp">
      <Filter>源文件\Graph</Filter>
    </ClCompile>
    <ClCompile Include="Figure\Figure.cpp">
      <Filter>源文件\Graph</Filter>
    </ClCompile>
    <ClCompile Include="Font\Font.cpp">
      <Filter>源文件\Graph</Filter>
    </ClCompile>
    <ClCompile Include="Image\Image.cpp">
      <Filter>源文件\Graph</Filter>
    </ClCompile>
    <ClCompile Include="Plot\Plot.cpp">
      <Filter>源文件\Graph</Filter>
    </ClCompile>
    <ClCompile Include="Vector\Vector.cpp">
      <Filter>源文件\Graph</Filter>
    </ClCompile>
    <ClCompile Include="CFDomain.cpp">
      <Filter>源文件</Filter>
    </ClCompile>
    <ClCompile Include="DFDomain.cpp">
      <Filter>源文件</Filter>
    </ClCompile>
    <ClCompile Include="CTDomain.cpp">
      <Filter>源文件</Filter>
    </ClCompile>
    <ClCompile Include="DTDomain.cpp">
      <Filter>源文件</Filter>
    </ClCompile>
  </ItemGroup>
  <ItemGroup>
    <ClInclude Include="CTFunction.h">
      <Filter>头文件</Filter>
    </ClInclude>
    <ClInclude Include="DTFunction.h">
      <Filter>头文件</Filter>
    </ClInclude>
    <ClInclude Include="Color\Color.h">
      <Filter>头文件\Graph</Filter>
    </ClInclude>
    <ClInclude Include="Figure\Figure.h">
      <Filter>头文件\Graph</Filter>
    </ClInclude>
    <ClInclude Include="Font\Font.h">
      <Filter>头文件\Graph</Filter>
    </ClInclude>
    <ClInclude Include="Image\Image.h">
      <Filter>头文件\Graph</Filter>
    </ClInclude>
    <ClInclude Include="Plot\Plot.h">
      <Filter>头文件\Graph</Filter>
    </ClInclude>
    <ClInclude Include="Vector\Vector.h">
      <Filter>头文件\Graph</Filter>
    </ClInclude>
    <ClInclude Include="DTFunction.inl">
      <Filter>源文件</Filter>
    </ClInclude>
    <ClInclude Include="CTFunction.inl">
      <Filter>源文件</Filter>
    </ClInclude>
    <ClInclude Include="CFDomain.h">
      <Filter>头文件</Filter>
    </ClInclude>
    <ClInclude Include="DFDomain.h">
      <Filter>头文件</Filter>
    </ClInclude>
    <ClInclude Include="CTDomain.h">
      <Filter>头文件</Filter>
    </ClInclude>
    <ClInclude Include="DTDomain.h">
      <Filter>头文件</Filter>
    </ClInclude>
  </ItemGroup>
</Project>